
Microsoft Visual Studio Solution File, Format Version 12.00
Project("{FAE04EC0-301F-11D3-BF4B-00C04F79EFBC}") = "BuberBreakfast", "BuberBreakfast\BuberBreakfast.csproj", "{C1979C9E-EBF1-47D5-8495-F1B2D1711C43}"
EndProject
Project("{FAE04EC0-301F-11D3-BF4B-00C04F79EFBC}") = "BuberBreakfas.Contracts", "BuberBreakfas.Contracts\BuberBreakfas.Contracts.csproj", "{544C4221-2DC7-43F3-8088-96035926E38C}"
EndProject
Global
	GlobalSection(SolutionConfigurationPlatforms) = preSolution
		Debug|Any CPU = Debug|Any CPU
		Release|Any CPU = Release|Any CPU
	EndGlobalSection
	GlobalSection(ProjectConfigurationPlatforms) = postSolution
		{C1979C9E-EBF1-47D5-8495-F1B2D1711C43}.Debug|Any CPU.ActiveCfg = Debug|Any CPU
		{C1979C9E-EBF1-47D5-8495-F1B2D1711C43}.Debug|Any CPU.Build.0 = Debug|Any CPU
		{C1979C9E-EBF1-47D5-8495-F1B2D1711C43}.Release|Any CPU.ActiveCfg = Release|Any CPU
		{C1979C9E-EBF1-47D5-8495-F1B2D1711C43}.Release|Any CPU.Build.0 = Release|Any CPU
		{544C4221-2DC7-43F3-8088-96035926E38C}.Debug|Any CPU.ActiveCfg = Debug|Any CPU
		{544C4221-2DC7-43F3-8088-96035926E38C}.Debug|Any CPU.Build.0 = Debug|Any CPU
		{544C4221-2DC7-43F3-8088-96035926E38C}.Release|Any CPU.ActiveCfg = Release|Any CPU
		{544C4221-2DC7-43F3-8088-96035926E38C}.Release|Any CPU.Build.0 = Release|Any CPU
	EndGlobalSection
	GlobalSection(NestedProjects) = preSolution
	EndGlobalSection
EndGlobal
